
Microsoft Visual Studio Solution File, Format Version 12.00
# Visual Studio 15
VisualStudioVersion = 15.0.27703.2047
MinimumVisualStudioVersion = 10.0.40219.1
Project("{9A19103F-16F7-4668-BE54-9A1E7A4F7556}") = "MusicBot", "MusicBot\MusicBot.csproj", "{B14BE9DF-22B7-4F17-87A8-D40A1304E5D8}"
EndProject
Global
	GlobalSection(SolutionConfigurationPlatforms) = preSolution
		Debug|Any CPU = Debug|Any CPU
		Release|Any CPU = Release|Any CPU
	EndGlobalSection
	GlobalSection(ProjectConfigurationPlatforms) = postSolution
		{B14BE9DF-22B7-4F17-87A8-D40A1304E5D8}.Debug|Any CPU.ActiveCfg = Debug|Any CPU
		{B14BE9DF-22B7-4F17-87A8-D40A1304E5D8}.Debug|Any CPU.Build.0 = Debug|Any CPU
		{B14BE9DF-22B7-4F17-87A8-D40A1304E5D8}.Release|Any CPU.ActiveCfg = Release|Any CPU
		{B14BE9DF-22B7-4F17-87A8-D40A1304E5D8}.Release|Any CPU.Build.0 = Release|Any CPU
	EndGlobalSection
	GlobalSection(SolutionProperties) = preSolution
		HideSolutionNode = FALSE
	EndGlobalSection
	GlobalSection(ExtensibilityGlobals) = postSolution
		SolutionGuid = {DD36374C-62B5-46C3-B158-B7E50E772735}
	EndGlobalSection
EndGlobal
